{
  "name": "umneutrino",
  "lockfileVersion": 2,
  "requires": true,
  "packages": {
    "": {
      "dependencies": {
        "@ibm/plex": "^6.4.1"
      }
    },
    "node_modules/@ibm/plex": {
      "version": "6.4.1",
      "resolved": "https://registry.npmjs.org/@ibm/plex/-/plex-6.4.1.tgz",
      "integrity": "sha512-fnsipQywHt3zWvsnlyYKMikcVI7E2fEwpiPnIHFqlbByXVfQfANAAeJk1IV4mNnxhppUIDlhU0TzwYwL++Rn2g==",
      "hasInstallScript": true,
      "dependencies": {
        "@ibm/telemetry-js": "^1.5.1"
      }
    },
    "node_modules/@ibm/telemetry-js": {
      "version": "1.6.1",
      "resolved": "https://registry.npmjs.org/@ibm/telemetry-js/-/telemetry-js-1.6.1.tgz",
      "integrity": "sha512-ds45f2bz4qVvJPK84VcSMJTvTZI+qXu6wVlBcy9/hAlmzOcxeX6rh8W0De4H133HPONsZWvs0lV/H2aUcznCxw==",
      "bin": {
        "ibmtelemetry": "dist/collect.js"
      }
    }
  },
  "dependencies": {
    "@ibm/plex": {
      "version": "6.4.1",
      "resolved": "https://registry.npmjs.org/@ibm/plex/-/plex-6.4.1.tgz",
      "integrity": "sha512-fnsipQywHt3zWvsnlyYKMikcVI7E2fEwpiPnIHFqlbByXVfQfANAAeJk1IV4mNnxhppUIDlhU0TzwYwL++Rn2g==",
      "requires": {
        "@ibm/telemetry-js": "^1.5.1"
      }
    },
    "@ibm/telemetry-js": {
      "version": "1.6.1",
      "resolved": "https://registry.npmjs.org/@ibm/telemetry-js/-/telemetry-js-1.6.1.tgz",
      "integrity": "sha512-ds45f2bz4qVvJPK84VcSMJTvTZI+qXu6wVlBcy9/hAlmzOcxeX6rh8W0De4H133HPONsZWvs0lV/H2aUcznCxw=="
    }
  }
}
